// !$*UTF8*$!
{
	archiveVersion = 1;
	classes = {
	};
	objectVersion = 46;
	objects = {

/* Begin PBXBuildFile section */
		328F187F1C63C353006D4478 /* Main.storyboard in Resources */ = {isa = PBXBuildFile; fileRef = 328F187D1C63C353006D4478 /* Main.storyboard */; };
		328F18811C63C353006D4478 /* Assets.xcassets in Resources */ = {isa = PBXBuildFile; fileRef = 328F18801C63C353006D4478 /* Assets.xcassets */; };
		328F18841C63C353006D4478 /* LaunchScreen.storyboard in Resources */ = {isa = PBXBuildFile; fileRef = 328F18821C63C353006D4478 /* LaunchScreen.storyboard */; };
		328F188F1C63C354006D4478 /* DEMO_Swift_ProtocolsTests.swift in Sources */ = {isa = PBXBuildFile; fileRef = 328F188E1C63C354006D4478 /* DEMO_Swift_ProtocolsTests.swift */; };
		328F189A1C63C354006D4478 /* DEMO_Swift_ProtocolsUITests.swift in Sources */ = {isa = PBXBuildFile; fileRef = 328F18991C63C354006D4478 /* DEMO_Swift_ProtocolsUITests.swift */; };
		328F18AA1C63C97A006D4478 /* LICENSE in Resources */ = {isa = PBXBuildFile; fileRef = 328F18A81C63C97A006D4478 /* LICENSE */; };
		328F18AB1C63C97A006D4478 /* README.md in Sources */ = {isa = PBXBuildFile; fileRef = 328F18A91C63C97A006D4478 /* README.md */; };
		328F18B71C63E716006D4478 /* ViewController.swift in Sources */ = {isa = PBXBuildFile; fileRef = 328F18B11C63E716006D4478 /* ViewController.swift */; };
		328F18B81C63E716006D4478 /* AppDelegate.swift in Sources */ = {isa = PBXBuildFile; fileRef = 328F18B41C63E716006D4478 /* AppDelegate.swift */; };
		328F18BA1C63EC0C006D4478 /* MeasureType.swift in Sources */ = {isa = PBXBuildFile; fileRef = 328F18B91C63EC0C006D4478 /* MeasureType.swift */; };
		328F18BC1C63F081006D4478 /* Constants.swift in Sources */ = {isa = PBXBuildFile; fileRef = 328F18BB1C63F081006D4478 /* Constants.swift */; };
		328F18BE1C63F0EC006D4478 /* Measurable.swift in Sources */ = {isa = PBXBuildFile; fileRef = 328F18BD1C63F0EC006D4478 /* Measurable.swift */; };
		328F18C01C63F887006D4478 /* Macros.swift in Sources */ = {isa = PBXBuildFile; fileRef = 328F18BF1C63F887006D4478 /* Macros.swift */; };
		328F18C41C6408BC006D4478 /* HasArea.swift in Sources */ = {isa = PBXBuildFile; fileRef = 328F18C31C6408BC006D4478 /* HasArea.swift */; };
		328F18C61C6408D8006D4478 /* HasSides.swift in Sources */ = {isa = PBXBuildFile; fileRef = 328F18C51C6408D8006D4478 /* HasSides.swift */; };
		328F18C81C6408F2006D4478 /* HasPopulation.swift in Sources */ = {isa = PBXBuildFile; fileRef = 328F18C71C6408F2006D4478 /* HasPopulation.swift */; };
		328F18CA1C64C688006D4478 /* CountType.swift in Sources */ = {isa = PBXBuildFile; fileRef = 328F18C91C64C688006D4478 /* CountType.swift */; };
		328F18CD1C64D76B006D4478 /* HealthKit.framework in Frameworks */ = {isa = PBXBuildFile; fileRef = 328F18CC1C64D76B006D4478 /* HealthKit.framework */; };
		328F18CF1C64DCDD006D4478 /* Area.swift in Sources */ = {isa = PBXBuildFile; fileRef = 328F18CE1C64DCDD006D4478 /* Area.swift */; };
		328F18D11C64DCED006D4478 /* Population.swift in Sources */ = {isa = PBXBuildFile; fileRef = 328F18D01C64DCED006D4478 /* Population.swift */; };
		328F18D31C64DD10006D4478 /* Sides.swift in Sources */ = {isa = PBXBuildFile; fileRef = 328F18D21C64DD10006D4478 /* Sides.swift */; };
		328F18D51C64E48F006D4478 /* BiomeasureType.swift in Sources */ = {isa = PBXBuildFile; fileRef = 328F18D41C64E48F006D4478 /* BiomeasureType.swift */; };
		328F18D71C64F093006D4478 /* Countable.swift in Sources */ = {isa = PBXBuildFile; fileRef = 328F18D61C64F093006D4478 /* Countable.swift */; };
		328F18D91C64F0EB006D4478 /* Quantifiable.swift in Sources */ = {isa = PBXBuildFile; fileRef = 328F18D81C64F0EB006D4478 /* Quantifiable.swift */; };
		328F18DB1C64FA6F006D4478 /* Shape.swift in Sources */ = {isa = PBXBuildFile; fileRef = 328F18DA1C64FA6F006D4478 /* Shape.swift */; };
		328F18DD1C64FFE6006D4478 /* Polygon.swift in Sources */ = {isa = PBXBuildFile; fileRef = 328F18DC1C64FFE6006D4478 /* Polygon.swift */; };
		328F18DF1C650002006D4478 /* Circle.swift in Sources */ = {isa = PBXBuildFile; fileRef = 328F18DE1C650002006D4478 /* Circle.swift */; };
		328F18E11C650015006D4478 /* Ellipse.swift in Sources */ = {isa = PBXBuildFile; fileRef = 328F18E01C650015006D4478 /* Ellipse.swift */; };
		328F18E31C650323006D4478 /* Perimeter.swift in Sources */ = {isa = PBXBuildFile; fileRef = 328F18E21C650323006D4478 /* Perimeter.swift */; };
		328F18E51C650C80006D4478 /* Length.swift in Sources */ = {isa = PBXBuildFile; fileRef = 328F18E41C650C80006D4478 /* Length.swift */; };
		328F18E71C656C58006D4478 /* Geography.swift in Sources */ = {isa = PBXBuildFile; fileRef = 328F18E61C656C58006D4478 /* Geography.swift */; };
		328F18E91C657E0F006D4478 /* NorthAmerica.swift in Sources */ = {isa = PBXBuildFile; fileRef = 328F18E81C657E0F006D4478 /* NorthAmerica.swift */; };
		328F18EB1C6583C3006D4478 /* Europe.swift in Sources */ = {isa = PBXBuildFile; fileRef = 328F18EA1C6583C3006D4478 /* Europe.swift */; };
/* End PBXBuildFile section */

/* Begin PBXContainerItemProxy section */
		328F188B1C63C354006D4478 /* PBXContainerItemProxy */ = {
			isa = PBXContainerItemProxy;
			containerPortal = 328F186E1C63C353006D4478 /* Project object */;
			proxyType = 1;
			remoteGlobalIDString = 328F18751C63C353006D4478;
			remoteInfo = DEMO_Swift_Protocols;
		};
		328F18961C63C354006D4478 /* PBXContainerItemProxy */ = {
			isa = PBXContainerItemProxy;
			containerPortal = 328F186E1C63C353006D4478 /* Project object */;
			proxyType = 1;
			remoteGlobalIDString = 328F18751C63C353006D4478;
			remoteInfo = DEMO_Swift_Protocols;
		};
/* End PBXContainerItemProxy section */

/* Begin PBXFileReference section */
		328F18761C63C353006D4478 /* DEMO_Swift_Protocols.app */ = {isa = PBXFileReference; explicitFileType = wrapper.application; includeInIndex = 0; path = DEMO_Swift_Protocols.app; sourceTree = BUILT_PRODUCTS_DIR; };
		328F187E1C63C353006D4478 /* Base */ = {isa = PBXFileReference; lastKnownFileType = file.storyboard; name = Base; path = Base.lproj/Main.storyboard; sourceTree = "<group>"; };
		328F18801C63C353006D4478 /* Assets.xcassets */ = {isa = PBXFileReference; lastKnownFileType = folder.assetcatalog; path = Assets.xcassets; sourceTree = "<group>"; };
		328F18831C63C353006D4478 /* Base */ = {isa = PBXFileReference; lastKnownFileType = file.storyboard; name = Base; path = Base.lproj/LaunchScreen.storyboard; sourceTree = "<group>"; };
		328F18851C63C353006D4478 /* Info.plist */ = {isa = PBXFileReference; lastKnownFileType = text.plist.xml; path = Info.plist; sourceTree = "<group>"; };
		328F188A1C63C354006D4478 /* DEMO_Swift_ProtocolsTests.xctest */ = {isa = PBXFileReference; explicitFileType = wrapper.cfbundle; includeInIndex = 0; path = DEMO_Swift_ProtocolsTests.xctest; sourceTree = BUILT_PRODUCTS_DIR; };
		328F188E1C63C354006D4478 /* DEMO_Swift_ProtocolsTests.swift */ = {isa = PBXFileReference; lastKnownFileType = sourcecode.swift; path = DEMO_Swift_ProtocolsTests.swift; sourceTree = "<group>"; };
		328F18901C63C354006D4478 /* Info.plist */ = {isa = PBXFileReference; lastKnownFileType = text.plist.xml; path = Info.plist; sourceTree = "<group>"; };
		328F18951C63C354006D4478 /* DEMO_Swift_ProtocolsUITests.xctest */ = {isa = PBXFileReference; explicitFileType = wrapper.cfbundle; includeInIndex = 0; path = DEMO_Swift_ProtocolsUITests.xctest; sourceTree = BUILT_PRODUCTS_DIR; };
		328F18991C63C354006D4478 /* DEMO_Swift_ProtocolsUITests.swift */ = {isa = PBXFileReference; lastKnownFileType = sourcecode.swift; path = DEMO_Swift_ProtocolsUITests.swift; sourceTree = "<group>"; };
		328F189B1C63C354006D4478 /* Info.plist */ = {isa = PBXFileReference; lastKnownFileType = text.plist.xml; path = Info.plist; sourceTree = "<group>"; };
		328F18A71C63C369006D4478 /* Demo 1.playground */ = {isa = PBXFileReference; lastKnownFileType = file.playground; path = "Demo 1.playground"; sourceTree = "<group>"; };
		328F18A81C63C97A006D4478 /* LICENSE */ = {isa = PBXFileReference; fileEncoding = 4; lastKnownFileType = text; path = LICENSE; sourceTree = "<group>"; };
		328F18A91C63C97A006D4478 /* README.md */ = {isa = PBXFileReference; fileEncoding = 4; lastKnownFileType = net.daringfireball.markdown; path = README.md; sourceTree = "<group>"; };
		328F18B11C63E716006D4478 /* ViewController.swift */ = {isa = PBXFileReference; fileEncoding = 4; lastKnownFileType = sourcecode.swift; path = ViewController.swift; sourceTree = "<group>"; };
		328F18B41C63E716006D4478 /* AppDelegate.swift */ = {isa = PBXFileReference; fileEncoding = 4; lastKnownFileType = sourcecode.swift; path = AppDelegate.swift; sourceTree = "<group>"; };
		328F18B91C63EC0C006D4478 /* MeasureType.swift */ = {isa = PBXFileReference; fileEncoding = 4; lastKnownFileType = sourcecode.swift; path = MeasureType.swift; sourceTree = "<group>"; };
		328F18BB1C63F081006D4478 /* Constants.swift */ = {isa = PBXFileReference; fileEncoding = 4; lastKnownFileType = sourcecode.swift; path = Constants.swift; sourceTree = "<group>"; };
		328F18BD1C63F0EC006D4478 /* Measurable.swift */ = {isa = PBXFileReference; fileEncoding = 4; lastKnownFileType = sourcecode.swift; path = Measurable.swift; sourceTree = "<group>"; };
		328F18BF1C63F887006D4478 /* Macros.swift */ = {isa = PBXFileReference; fileEncoding = 4; lastKnownFileType = sourcecode.swift; path = Macros.swift; sourceTree = "<group>"; };
		328F18C31C6408BC006D4478 /* HasArea.swift */ = {isa = PBXFileReference; fileEncoding = 4; lastKnownFileType = sourcecode.swift; path = HasArea.swift; sourceTree = "<group>"; };
		328F18C51C6408D8006D4478 /* HasSides.swift */ = {isa = PBXFileReference; fileEncoding = 4; lastKnownFileType = sourcecode.swift; path = HasSides.swift; sourceTree = "<group>"; };
		328F18C71C6408F2006D4478 /* HasPopulation.swift */ = {isa = PBXFileReference; fileEncoding = 4; lastKnownFileType = sourcecode.swift; path = HasPopulation.swift; sourceTree = "<group>"; };
		328F18C91C64C688006D4478 /* CountType.swift */ = {isa = PBXFileReference; fileEncoding = 4; lastKnownFileType = sourcecode.swift; path = CountType.swift; sourceTree = "<group>"; };
		328F18CB1C64D76B006D4478 /* DEMO_Swift_Protocols.entitlements */ = {isa = PBXFileReference; lastKnownFileType = text.xml; path = DEMO_Swift_Protocols.entitlements; sourceTree = "<group>"; };
		328F18CC1C64D76B006D4478 /* HealthKit.framework */ = {isa = PBXFileReference; lastKnownFileType = wrapper.framework; name = HealthKit.framework; path = System/Library/Frameworks/HealthKit.framework; sourceTree = SDKROOT; };
		328F18CE1C64DCDD006D4478 /* Area.swift */ = {isa = PBXFileReference; fileEncoding = 4; lastKnownFileType = sourcecode.swift; path = Area.swift; sourceTree = "<group>"; };
		328F18D01C64DCED006D4478 /* Population.swift */ = {isa = PBXFileReference; fileEncoding = 4; lastKnownFileType = sourcecode.swift; path = Population.swift; sourceTree = "<group>"; };
		328F18D21C64DD10006D4478 /* Sides.swift */ = {isa = PBXFileReference; fileEncoding = 4; lastKnownFileType = sourcecode.swift; path = Sides.swift; sourceTree = "<group>"; };
		328F18D41C64E48F006D4478 /* BiomeasureType.swift */ = {isa = PBXFileReference; fileEncoding = 4; lastKnownFileType = sourcecode.swift; path = BiomeasureType.swift; sourceTree = "<group>"; };
		328F18D61C64F093006D4478 /* Countable.swift */ = {isa = PBXFileReference; fileEncoding = 4; lastKnownFileType = sourcecode.swift; path = Countable.swift; sourceTree = "<group>"; };
		328F18D81C64F0EB006D4478 /* Quantifiable.swift */ = {isa = PBXFileReference; fileEncoding = 4; lastKnownFileType = sourcecode.swift; path = Quantifiable.swift; sourceTree = "<group>"; };
		328F18DA1C64FA6F006D4478 /* Shape.swift */ = {isa = PBXFileReference; fileEncoding = 4; lastKnownFileType = sourcecode.swift; path = Shape.swift; sourceTree = "<group>"; };
		328F18DC1C64FFE6006D4478 /* Polygon.swift */ = {isa = PBXFileReference; fileEncoding = 4; lastKnownFileType = sourcecode.swift; path = Polygon.swift; sourceTree = "<group>"; };
		328F18DE1C650002006D4478 /* Circle.swift */ = {isa = PBXFileReference; fileEncoding = 4; lastKnownFileType = sourcecode.swift; path = Circle.swift; sourceTree = "<group>"; };
		328F18E01C650015006D4478 /* Ellipse.swift */ = {isa = PBXFileReference; fileEncoding = 4; lastKnownFileType = sourcecode.swift; path = Ellipse.swift; sourceTree = "<group>"; };
		328F18E21C650323006D4478 /* Perimeter.swift */ = {isa = PBXFileReference; fileEncoding = 4; lastKnownFileType = sourcecode.swift; path = Perimeter.swift; sourceTree = "<group>"; };
		328F18E41C650C80006D4478 /* Length.swift */ = {isa = PBXFileReference; fileEncoding = 4; lastKnownFileType = sourcecode.swift; path = Length.swift; sourceTree = "<group>"; };
		328F18E61C656C58006D4478 /* Geography.swift */ = {isa = PBXFileReference; fileEncoding = 4; lastKnownFileType = sourcecode.swift; path = Geography.swift; sourceTree = "<group>"; };
		328F18E81C657E0F006D4478 /* NorthAmerica.swift */ = {isa = PBXFileReference; fileEncoding = 4; lastKnownFileType = sourcecode.swift; path = NorthAmerica.swift; sourceTree = "<group>"; };
		328F18EA1C6583C3006D4478 /* Europe.swift */ = {isa = PBXFileReference; fileEncoding = 4; lastKnownFileType = sourcecode.swift; path = Europe.swift; sourceTree = "<group>"; };
/* End PBXFileReference section */

/* Begin PBXFrameworksBuildPhase section */
		328F18731C63C353006D4478 /* Frameworks */ = {
			isa = PBXFrameworksBuildPhase;
			buildActionMask = 2147483647;
			files = (
				328F18CD1C64D76B006D4478 /* HealthKit.framework in Frameworks */,
			);
			runOnlyForDeploymentPostprocessing = 0;
		};
		328F18871C63C354006D4478 /* Frameworks */ = {
			isa = PBXFrameworksBuildPhase;
			buildActionMask = 2147483647;
			files = (
			);
			runOnlyForDeploymentPostprocessing = 0;
		};
		328F18921C63C354006D4478 /* Frameworks */ = {
			isa = PBXFrameworksBuildPhase;
			buildActionMask = 2147483647;
			files = (
			);
			runOnlyForDeploymentPostprocessing = 0;
		};
/* End PBXFrameworksBuildPhase section */

/* Begin PBXGroup section */
		328F186D1C63C353006D4478 = {
			isa = PBXGroup;
			children = (
				328F18CC1C64D76B006D4478 /* HealthKit.framework */,
				328F18A81C63C97A006D4478 /* LICENSE */,
				328F18A91C63C97A006D4478 /* README.md */,
				328F18A71C63C369006D4478 /* Demo 1.playground */,
				328F18781C63C353006D4478 /* DEMO_Swift_Protocols */,
				328F188D1C63C354006D4478 /* DEMO_Swift_ProtocolsTests */,
				328F18981C63C354006D4478 /* DEMO_Swift_ProtocolsUITests */,
				328F18771C63C353006D4478 /* Products */,
			);
			sourceTree = "<group>";
		};
		328F18771C63C353006D4478 /* Products */ = {
			isa = PBXGroup;
			children = (
				328F18761C63C353006D4478 /* DEMO_Swift_Protocols.app */,
				328F188A1C63C354006D4478 /* DEMO_Swift_ProtocolsTests.xctest */,
				328F18951C63C354006D4478 /* DEMO_Swift_ProtocolsUITests.xctest */,
			);
			name = Products;
			sourceTree = "<group>";
		};
		328F18781C63C353006D4478 /* DEMO_Swift_Protocols */ = {
			isa = PBXGroup;
			children = (
				328F18CB1C64D76B006D4478 /* DEMO_Swift_Protocols.entitlements */,
				328F18AE1C63E716006D4478 /* Sources */,
				328F187D1C63C353006D4478 /* Main.storyboard */,
				328F18801C63C353006D4478 /* Assets.xcassets */,
				328F18821C63C353006D4478 /* LaunchScreen.storyboard */,
				328F18851C63C353006D4478 /* Info.plist */,
			);
			path = DEMO_Swift_Protocols;
			sourceTree = "<group>";
		};
		328F188D1C63C354006D4478 /* DEMO_Swift_ProtocolsTests */ = {
			isa = PBXGroup;
			children = (
				328F188E1C63C354006D4478 /* DEMO_Swift_ProtocolsTests.swift */,
				328F18901C63C354006D4478 /* Info.plist */,
			);
			path = DEMO_Swift_ProtocolsTests;
			sourceTree = "<group>";
		};
		328F18981C63C354006D4478 /* DEMO_Swift_ProtocolsUITests */ = {
			isa = PBXGroup;
			children = (
				328F18991C63C354006D4478 /* DEMO_Swift_ProtocolsUITests.swift */,
				328F189B1C63C354006D4478 /* Info.plist */,
			);
			path = DEMO_Swift_ProtocolsUITests;
			sourceTree = "<group>";
		};
		328F18AE1C63E716006D4478 /* Sources */ = {
			isa = PBXGroup;
			children = (
				328F18B01C63E716006D4478 /* Controllers */,
				328F18AF1C63E716006D4478 /* Extensions */,
				328F18B21C63E716006D4478 /* Models */,
				328F18B31C63E716006D4478 /* Others */,
				328F18B51C63E716006D4478 /* Protocols */,
				328F18B61C63E716006D4478 /* Views */,
			);
			path = Sources;
			sourceTree = "<group>";
		};
		328F18AF1C63E716006D4478 /* Extensions */ = {
			isa = PBXGroup;
			children = (
			);
			name = Extensions;
			path = Categories;
			sourceTree = "<group>";
		};
		328F18B01C63E716006D4478 /* Controllers */ = {
			isa = PBXGroup;
			children = (
				328F18B11C63E716006D4478 /* ViewController.swift */,
			);
			path = Controllers;
			sourceTree = "<group>";
		};
		328F18B21C63E716006D4478 /* Models */ = {
			isa = PBXGroup;
			children = (
				328F18CE1C64DCDD006D4478 /* Area.swift */,
				328F18E41C650C80006D4478 /* Length.swift */,
				328F18E21C650323006D4478 /* Perimeter.swift */,
				328F18D01C64DCED006D4478 /* Population.swift */,
				328F18D21C64DD10006D4478 /* Sides.swift */,
				328F18DA1C64FA6F006D4478 /* Shape.swift */,
				328F18DE1C650002006D4478 /* Circle.swift */,
				328F18E01C650015006D4478 /* Ellipse.swift */,
				328F18DC1C64FFE6006D4478 /* Polygon.swift */,
				328F18E61C656C58006D4478 /* Geography.swift */,
				328F18EA1C6583C3006D4478 /* Europe.swift */,
				328F18E81C657E0F006D4478 /* NorthAmerica.swift */,
			);
			path = Models;
			sourceTree = "<group>";
		};
		328F18B31C63E716006D4478 /* Others */ = {
			isa = PBXGroup;
			children = (
				328F18B41C63E716006D4478 /* AppDelegate.swift */,
				328F18BB1C63F081006D4478 /* Constants.swift */,
			);
			path = Others;
			sourceTree = "<group>";
		};
		328F18B51C63E716006D4478 /* Protocols */ = {
			isa = PBXGroup;
			children = (
				328F18D41C64E48F006D4478 /* BiomeasureType.swift */,
				328F18D61C64F093006D4478 /* Countable.swift */,
				328F18C91C64C688006D4478 /* CountType.swift */,
				328F18C31C6408BC006D4478 /* HasArea.swift */,
				328F18C71C6408F2006D4478 /* HasPopulation.swift */,
				328F18C51C6408D8006D4478 /* HasSides.swift */,
				328F18BF1C63F887006D4478 /* Macros.swift */,
				328F18BD1C63F0EC006D4478 /* Measurable.swift */,
				328F18B91C63EC0C006D4478 /* MeasureType.swift */,
				328F18D81C64F0EB006D4478 /* Quantifiable.swift */,
			);
			path = Protocols;
			sourceTree = "<group>";
		};
		328F18B61C63E716006D4478 /* Views */ = {
			isa = PBXGroup;
			children = (
			);
			path = Views;
			sourceTree = "<group>";
		};
/* End PBXGroup section */

/* Begin PBXNativeTarget section */
		328F18751C63C353006D4478 /* DEMO_Swift_Protocols */ = {
			isa = PBXNativeTarget;
			buildConfigurationList = 328F189E1C63C354006D4478 /* Build configuration list for PBXNativeTarget "DEMO_Swift_Protocols" */;
			buildPhases = (
				328F18721C63C353006D4478 /* Sources */,
				328F18731C63C353006D4478 /* Frameworks */,
				328F18741C63C353006D4478 /* Resources */,
			);
			buildRules = (
			);
			dependencies = (
			);
			name = DEMO_Swift_Protocols;
			productName = DEMO_Swift_Protocols;
			productReference = 328F18761C63C353006D4478 /* DEMO_Swift_Protocols.app */;
			productType = "com.apple.product-type.application";
		};
		328F18891C63C354006D4478 /* DEMO_Swift_ProtocolsTests */ = {
			isa = PBXNativeTarget;
			buildConfigurationList = 328F18A11C63C354006D4478 /* Build configuration list for PBXNativeTarget "DEMO_Swift_ProtocolsTests" */;
			buildPhases = (
				328F18861C63C354006D4478 /* Sources */,
				328F18871C63C354006D4478 /* Frameworks */,
				328F18881C63C354006D4478 /* Resources */,
			);
			buildRules = (
			);
			dependencies = (
				328F188C1C63C354006D4478 /* PBXTargetDependency */,
			);
			name = DEMO_Swift_ProtocolsTests;
			productName = DEMO_Swift_ProtocolsTests;
			productReference = 328F188A1C63C354006D4478 /* DEMO_Swift_ProtocolsTests.xctest */;
			productType = "com.apple.product-type.bundle.unit-test";
		};
		328F18941C63C354006D4478 /* DEMO_Swift_ProtocolsUITests */ = {
			isa = PBXNativeTarget;
			buildConfigurationList = 328F18A41C63C354006D4478 /* Build configuration list for PBXNativeTarget "DEMO_Swift_ProtocolsUITests" */;
			buildPhases = (
				328F18911C63C354006D4478 /* Sources */,
				328F18921C63C354006D4478 /* Frameworks */,
				328F18931C63C354006D4478 /* Resources */,
			);
			buildRules = (
			);
			dependencies = (
				328F18971C63C354006D4478 /* PBXTargetDependency */,
			);
			name = DEMO_Swift_ProtocolsUITests;
			productName = DEMO_Swift_ProtocolsUITests;
			productReference = 328F18951C63C354006D4478 /* DEMO_Swift_ProtocolsUITests.xctest */;
			productType = "com.apple.product-type.bundle.ui-testing";
		};
/* End PBXNativeTarget section */

/* Begin PBXProject section */
		328F186E1C63C353006D4478 /* Project object */ = {
			isa = PBXProject;
			attributes = {
				LastSwiftUpdateCheck = 0720;
				LastUpgradeCheck = 0720;
				ORGANIZATIONNAME = "Synthelytics LLC";
				TargetAttributes = {
					328F18751C63C353006D4478 = {
						CreatedOnToolsVersion = 7.2.1;
						DevelopmentTeam = NDSC68WGUP;
						SystemCapabilities = {
							com.apple.HealthKit = {
								enabled = 1;
							};
						};
					};
					328F18891C63C354006D4478 = {
						CreatedOnToolsVersion = 7.2.1;
						TestTargetID = 328F18751C63C353006D4478;
					};
					328F18941C63C354006D4478 = {
						CreatedOnToolsVersion = 7.2.1;
						TestTargetID = 328F18751C63C353006D4478;
					};
				};
			};
			buildConfigurationList = 328F18711C63C353006D4478 /* Build configuration list for PBXProject "DEMO_Swift_Protocols" */;
			compatibilityVersion = "Xcode 3.2";
			developmentRegion = English;
			hasScannedForEncodings = 0;
			knownRegions = (
				en,
				Base,
			);
			mainGroup = 328F186D1C63C353006D4478;
			productRefGroup = 328F18771C63C353006D4478 /* Products */;
			projectDirPath = "";
			projectRoot = "";
			targets = (
				328F18751C63C353006D4478 /* DEMO_Swift_Protocols */,
				328F18891C63C354006D4478 /* DEMO_Swift_ProtocolsTests */,
				328F18941C63C354006D4478 /* DEMO_Swift_ProtocolsUITests */,
			);
		};
/* End PBXProject section */

/* Begin PBXResourcesBuildPhase section */
		328F18741C63C353006D4478 /* Resources */ = {
			isa = PBXResourcesBuildPhase;
			buildActionMask = 2147483647;
			files = (
				328F18841C63C353006D4478 /* LaunchScreen.storyboard in Resources */,
				328F18811C63C353006D4478 /* Assets.xcassets in Resources */,
				328F18AA1C63C97A006D4478 /* LICENSE in Resources */,
				328F187F1C63C353006D4478 /* Main.storyboard in Resources */,
			);
			runOnlyForDeploymentPostprocessing = 0;
		};
		328F18881C63C354006D4478 /* Resources */ = {
			isa = PBXResourcesBuildPhase;
			buildActionMask = 2147483647;
			files = (
			);
			runOnlyForDeploymentPostprocessing = 0;
		};
		328F18931C63C354006D4478 /* Resources */ = {
			isa = PBXResourcesBuildPhase;
			buildActionMask = 2147483647;
			files = (
			);
			runOnlyForDeploymentPostprocessing = 0;
		};
/* End PBXResourcesBuildPhase section */

/* Begin PBXSourcesBuildPhase section */
		328F18721C63C353006D4478 /* Sources */ = {
			isa = PBXSourcesBuildPhase;
			buildActionMask = 2147483647;
			files = (
				328F18BC1C63F081006D4478 /* Constants.swift in Sources */,
				328F18BA1C63EC0C006D4478 /* MeasureType.swift in Sources */,
				328F18E91C657E0F006D4478 /* NorthAmerica.swift in Sources */,
				328F18D11C64DCED006D4478 /* Population.swift in Sources */,
				328F18BE1C63F0EC006D4478 /* Measurable.swift in Sources */,
				328F18EB1C6583C3006D4478 /* Europe.swift in Sources */,
				328F18CA1C64C688006D4478 /* CountType.swift in Sources */,
				328F18DF1C650002006D4478 /* Circle.swift in Sources */,
				328F18AB1C63C97A006D4478 /* README.md in Sources */,
				328F18DD1C64FFE6006D4478 /* Polygon.swift in Sources */,
				328F18E71C656C58006D4478 /* Geography.swift in Sources */,
				328F18C01C63F887006D4478 /* Macros.swift in Sources */,
				328F18D71C64F093006D4478 /* Countable.swift in Sources */,
				328F18E51C650C80006D4478 /* Length.swift in Sources */,
				328F18C61C6408D8006D4478 /* HasSides.swift in Sources */,
				328F18D51C64E48F006D4478 /* BiomeasureType.swift in Sources */,
				328F18C41C6408BC006D4478 /* HasArea.swift in Sources */,
				328F18B71C63E716006D4478 /* ViewController.swift in Sources */,
				328F18D31C64DD10006D4478 /* Sides.swift in Sources */,
				328F18E31C650323006D4478 /* Perimeter.swift in Sources */,
				328F18E11C650015006D4478 /* Ellipse.swift in Sources */,
				328F18DB1C64FA6F006D4478 /* Shape.swift in Sources */,
				328F18B81C63E716006D4478 /* AppDelegate.swift in Sources */,
				328F18CF1C64DCDD006D4478 /* Area.swift in Sources */,
				328F18D91C64F0EB006D4478 /* Quantifiable.swift in Sources */,
				328F18C81C6408F2006D4478 /* HasPopulation.swift in Sources */,
			);
			runOnlyForDeploymentPostprocessing = 0;
		};
		328F18861C63C354006D4478 /* Sources */ = {
			isa = PBXSourcesBuildPhase;
			buildActionMask = 2147483647;
			files = (
				328F188F1C63C354006D4478 /* DEMO_Swift_ProtocolsTests.swift in Sources */,
			);
			runOnlyForDeploymentPostprocessing = 0;
		};
		328F18911C63C354006D4478 /* Sources */ = {
			isa = PBXSourcesBuildPhase;
			buildActionMask = 2147483647;
			files = (
				328F189A1C63C354006D4478 /* DEMO_Swift_ProtocolsUITests.swift in Sources */,
			);
			runOnlyForDeploymentPostprocessing = 0;
		};
/* End PBXSourcesBuildPhase section */

/* Begin PBXTargetDependency section */
		328F188C1C63C354006D4478 /* PBXTargetDependency */ = {
			isa = PBXTargetDependency;
			target = 328F18751C63C353006D4478 /* DEMO_Swift_Protocols */;
			targetProxy = 328F188B1C63C354006D4478 /* PBXContainerItemProxy */;
		};
		328F18971C63C354006D4478 /* PBXTargetDependency */ = {
			isa = PBXTargetDependency;
			target = 328F18751C63C353006D4478 /* DEMO_Swift_Protocols */;
			targetProxy = 328F18961C63C354006D4478 /* PBXContainerItemProxy */;
		};
/* End PBXTargetDependency section */

/* Begin PBXVariantGroup section */
		328F187D1C63C353006D4478 /* Main.storyboard */ = {
			isa = PBXVariantGroup;
			children = (
				328F187E1C63C353006D4478 /* Base */,
			);
			name = Main.storyboard;
			sourceTree = "<group>";
		};
		328F18821C63C353006D4478 /* LaunchScreen.storyboard */ = {
			isa = PBXVariantGroup;
			children = (
				328F18831C63C353006D4478 /* Base */,
			);
			name = LaunchScreen.storyboard;
			sourceTree = "<group>";
		};
/* End PBXVariantGroup section */

/* Begin XCBuildConfiguration section */
		328F189C1C63C354006D4478 /* Debug */ = {
			isa = XCBuildConfiguration;
			buildSettings = {
				ALWAYS_SEARCH_USER_PATHS = NO;
				CLANG_CXX_LANGUAGE_STANDARD = "gnu++0x";
				CLANG_CXX_LIBRARY = "libc++";
				CLANG_ENABLE_MODULES = YES;
				CLANG_ENABLE_OBJC_ARC = YES;
				CLANG_WARN_BOOL_CONVERSION = YES;
				CLANG_WARN_CONSTANT_CONVERSION = YES;
				CLANG_WARN_DIRECT_OBJC_ISA_USAGE = YES_ERROR;
				CLANG_WARN_EMPTY_BODY = YES;
				CLANG_WARN_ENUM_CONVERSION = YES;
				CLANG_WARN_INT_CONVERSION = YES;
				CLANG_WARN_OBJC_ROOT_CLASS = YES_ERROR;
				CLANG_WARN_UNREACHABLE_CODE = YES;
				CLANG_WARN__DUPLICATE_METHOD_MATCH = YES;
				"CODE_SIGN_IDENTITY[sdk=iphoneos*]" = "iPhone Developer";
				COPY_PHASE_STRIP = NO;
				DEBUG_INFORMATION_FORMAT = dwarf;
				ENABLE_STRICT_OBJC_MSGSEND = YES;
				ENABLE_TESTABILITY = YES;
				GCC_C_LANGUAGE_STANDARD = gnu99;
				GCC_DYNAMIC_NO_PIC = NO;
				GCC_NO_COMMON_BLOCKS = YES;
				GCC_OPTIMIZATION_LEVEL = 0;
				GCC_PREPROCESSOR_DEFINITIONS = (
					"DEBUG=1",
					"$(inherited)",
				);
				GCC_WARN_64_TO_32_BIT_CONVERSION = YES;
				GCC_WARN_ABOUT_RETURN_TYPE = YES_ERROR;
				GCC_WARN_UNDECLARED_SELECTOR = YES;
				GCC_WARN_UNINITIALIZED_AUTOS = YES_AGGRESSIVE;
				GCC_WARN_UNUSED_FUNCTION = YES;
				GCC_WARN_UNUSED_VARIABLE = YES;
				IPHONEOS_DEPLOYMENT_TARGET = 9.2;
				MTL_ENABLE_DEBUG_INFO = YES;
				ONLY_ACTIVE_ARCH = YES;
				SDKROOT = iphoneos;
				SWIFT_OPTIMIZATION_LEVEL = "-Onone";
				TARGETED_DEVICE_FAMILY = "1,2";
			};
			name = Debug;
		};
		328F189D1C63C354006D4478 /* Release */ = {
			isa = XCBuildConfiguration;
			buildSettings = {
				ALWAYS_SEARCH_USER_PATHS = NO;
				CLANG_CXX_LANGUAGE_STANDARD = "gnu++0x";
				CLANG_CXX_LIBRARY = "libc++";
				CLANG_ENABLE_MODULES = YES;
				CLANG_ENABLE_OBJC_ARC = YES;
				CLANG_WARN_BOOL_CONVERSION = YES;
				CLANG_WARN_CONSTANT_CONVERSION = YES;
				CLANG_WARN_DIRECT_OBJC_ISA_USAGE = YES_ERROR;
				CLANG_WARN_EMPTY_BODY = YES;
				CLANG_WARN_ENUM_CONVERSION = YES;
				CLANG_WARN_INT_CONVERSION = YES;
				CLANG_WARN_OBJC_ROOT_CLASS = YES_ERROR;
				CLANG_WARN_UNREACHABLE_CODE = YES;
				CLANG_WARN__DUPLICATE_METHOD_MATCH = YES;
				"CODE_SIGN_IDENTITY[sdk=iphoneos*]" = "iPhone Developer";
				COPY_PHASE_STRIP = NO;
				DEBUG_INFORMATION_FORMAT = "dwarf-with-dsym";
				ENABLE_NS_ASSERTIONS = NO;
				ENABLE_STRICT_OBJC_MSGSEND = YES;
				GCC_C_LANGUAGE_STANDARD = gnu99;
				GCC_NO_COMMON_BLOCKS = YES;
				GCC_WARN_64_TO_32_BIT_CONVERSION = YES;
				GCC_WARN_ABOUT_RETURN_TYPE = YES_ERROR;
				GCC_WARN_UNDECLARED_SELECTOR = YES;
				GCC_WARN_UNINITIALIZED_AUTOS = YES_AGGRESSIVE;
				GCC_WARN_UNUSED_FUNCTION = YES;
				GCC_WARN_UNUSED_VARIABLE = YES;
				IPHONEOS_DEPLOYMENT_TARGET = 9.2;
				MTL_ENABLE_DEBUG_INFO = NO;
				SDKROOT = iphoneos;
				TARGETED_DEVICE_FAMILY = "1,2";
				VALIDATE_PRODUCT = YES;
			};
			name = Release;
		};
		328F189F1C63C354006D4478 /* Debug */ = {
			isa = XCBuildConfiguration;
			buildSettings = {
				ASSETCATALOG_COMPILER_APPICON_NAME = AppIcon;
				CODE_SIGN_ENTITLEMENTS = DEMO_Swift_Protocols/DEMO_Swift_Protocols.entitlements;
				CODE_SIGN_IDENTITY = "iPhone Developer";
				"CODE_SIGN_IDENTITY[sdk=iphoneos*]" = "iPhone Developer";
				INFOPLIST_FILE = DEMO_Swift_Protocols/Info.plist;
				LD_RUNPATH_SEARCH_PATHS = "$(inherited) @executable_path/Frameworks";
				PRODUCT_BUNDLE_IDENTIFIER = "com.synthelytics.DEMO-Swift-Protocols";
				PRODUCT_NAME = "$(TARGET_NAME)";
				PROVISIONING_PROFILE = "";
			};
			name = Debug;
		};
		328F18A01C63C354006D4478 /* Release */ = {
			isa = XCBuildConfiguration;
			buildSettings = {
				ASSETCATALOG_COMPILER_APPICON_NAME = AppIcon;
				CODE_SIGN_ENTITLEMENTS = DEMO_Swift_Protocols/DEMO_Swift_Protocols.entitlements;
				CODE_SIGN_IDENTITY = "iPhone Developer";
				"CODE_SIGN_IDENTITY[sdk=iphoneos*]" = "iPhone Developer";
				INFOPLIST_FILE = DEMO_Swift_Protocols/Info.plist;
				LD_RUNPATH_SEARCH_PATHS = "$(inherited) @executable_path/Frameworks";
				PRODUCT_BUNDLE_IDENTIFIER = "com.synthelytics.DEMO-Swift-Protocols";
				PRODUCT_NAME = "$(TARGET_NAME)";
				PROVISIONING_PROFILE = "";
			};
			name = Release;
		};
		328F18A21C63C354006D4478 /* Debug */ = {
			isa = XCBuildConfiguration;
			buildSettings = {
				BUNDLE_LOADER = "$(TEST_HOST)";
				INFOPLIST_FILE = DEMO_Swift_ProtocolsTests/Info.plist;
				LD_RUNPATH_SEARCH_PATHS = "$(inherited) @executable_path/Frameworks @loader_path/Frameworks";
				PRODUCT_BUNDLE_IDENTIFIER = "com.synthelytics.DEMO-Swift-ProtocolsTests";
				PRODUCT_NAME = "$(TARGET_NAME)";
				TEST_HOST = "$(BUILT_PRODUCTS_DIR)/DEMO_Swift_Protocols.app/DEMO_Swift_Protocols";
			};
			name = Debug;
		};
		328F18A31C63C354006D4478 /* Release */ = {
			isa = XCBuildConfiguration;
			buildSettings = {
				BUNDLE_LOADER = "$(TEST_HOST)";
				INFOPLIST_FILE = DEMO_Swift_ProtocolsTests/Info.plist;
				LD_RUNPATH_SEARCH_PATHS = "$(inherited) @executable_path/Frameworks @loader_path/Frameworks";
				PRODUCT_BUNDLE_IDENTIFIER = "com.synthelytics.DEMO-Swift-ProtocolsTests";
				PRODUCT_NAME = "$(TARGET_NAME)";
				TEST_HOST = "$(BUILT_PRODUCTS_DIR)/DEMO_Swift_Protocols.app/DEMO_Swift_Protocols";
			};
			name = Release;
		};
		328F18A51C63C354006D4478 /* Debug */ = {
			isa = XCBuildConfiguration;
			buildSettings = {
				INFOPLIST_FILE = DEMO_Swift_ProtocolsUITests/Info.plist;
				LD_RUNPATH_SEARCH_PATHS = "$(inherited) @executable_path/Frameworks @loader_path/Frameworks";
				PRODUCT_BUNDLE_IDENTIFIER = "com.synthelytics.DEMO-Swift-ProtocolsUITests";
				PRODUCT_NAME = "$(TARGET_NAME)";
				TEST_TARGET_NAME = DEMO_Swift_Protocols;
				USES_XCTRUNNER = YES;
			};
			name = Debug;
		};
		328F18A61C63C354006D4478 /* Release */ = {
			isa = XCBuildConfiguration;
			buildSettings = {
				INFOPLIST_FILE = DEMO_Swift_ProtocolsUITests/Info.plist;
				LD_RUNPATH_SEARCH_PATHS = "$(inherited) @executable_path/Frameworks @loader_path/Frameworks";
				PRODUCT_BUNDLE_IDENTIFIER = "com.synthelytics.DEMO-Swift-ProtocolsUITests";
				PRODUCT_NAME = "$(TARGET_NAME)";
				TEST_TARGET_NAME = DEMO_Swift_Protocols;
				USES_XCTRUNNER = YES;
			};
			name = Release;
		};
/* End XCBuildConfiguration section */

/* Begin XCConfigurationList section */
		328F18711C63C353006D4478 /* Build configuration list for PBXProject "DEMO_Swift_Protocols" */ = {
			isa = XCConfigurationList;
			buildConfigurations = (
				328F189C1C63C354006D4478 /* Debug */,
				328F189D1C63C354006D4478 /* Release */,
			);
			defaultConfigurationIsVisible = 0;
			defaultConfigurationName = Release;
		};
		328F189E1C63C354006D4478 /* Build configuration list for PBXNativeTarget "DEMO_Swift_Protocols" */ = {
			isa = XCConfigurationList;
			buildConfigurations = (
				328F189F1C63C354006D4478 /* Debug */,
				328F18A01C63C354006D4478 /* Release */,
			);
			defaultConfigurationIsVisible = 0;
		};
		328F18A11C63C354006D4478 /* Build configuration list for PBXNativeTarget "DEMO_Swift_ProtocolsTests" */ = {
			isa = XCConfigurationList;
			buildConfigurations = (
				328F18A21C63C354006D4478 /* Debug */,
				328F18A31C63C354006D4478 /* Release */,
			);
			defaultConfigurationIsVisible = 0;
		};
		328F18A41C63C354006D4478 /* Build configuration list for PBXNativeTarget "DEMO_Swift_ProtocolsUITests" */ = {
			isa = XCConfigurationList;
			buildConfigurations = (
				328F18A51C63C354006D4478 /* Debug */,
				328F18A61C63C354006D4478 /* Release */,
			);
			defaultConfigurationIsVisible = 0;
		};
/* End XCConfigurationList section */
	};
	rootObject = 328F186E1C63C353006D4478 /* Project object */;
}
